PODS:
  - GoogleMaps (4.1.0):
    - GoogleMaps/Maps (= 4.1.0)
  - GoogleMaps/Base (4.1.0)
  - GoogleMaps/Maps (4.1.0):
    - GoogleMaps/Base
  - Realm (5.4.5):
    - Realm/Headers (= 5.4.5)
  - Realm/Headers (5.4.5)
  - RealmSwift (5.4.5):
    - Realm (= 5.4.5)

DEPENDENCIES:
  - GoogleMaps
  - RealmSwift

SPEC REPOS:
  trunk:
    - GoogleMaps
    - Realm
    - RealmSwift

SPEC CHECKSUMS:
  GoogleMaps: 008e2c80e38605b56b560e8deb73d4194ff30bef
  Realm: 155c60aec98b1044a05d676017be6900a9ee93b6
  RealmSwift: fa80dc70fa91f762c2bc3d09328da92214b36bbb

PODFILE CHECKSUM: 96b609b1d8f442a274a554ca12fd52593376cfdb

COCOAPODS: 1.10.1
